
Microsoft Visual Studio Solution File, Format Version 12.00
# Visual Studio 15
VisualStudioVersion = 15.0.27428.2037
MinimumVisualStudioVersion = 10.0.40219.1
Project("{FAE04EC0-301F-11D3-BF4B-00C04F79EFBC}") = "TestProject", "TestProject\TestProject.csproj", "{D212BE27-3C7C-4684-84B3-FEF952A7A47A}"
EndProject
Project("{2150E333-8FDC-42A3-9474-1A3956D46DE8}") = "Content", "Content", "{48C10D9D-F6E6-4469-A33F-F5792C16D9FD}"
	ProjectSection(SolutionItems) = preProject
		Site.css = Site.css
	EndProjectSection
EndProject
Global
	GlobalSection(SolutionConfigurationPlatforms) = preSolution
		Debug|Any CPU = Debug|Any CPU
		Release|Any CPU = Release|Any CPU
	EndGlobalSection
	GlobalSection(ProjectConfigurationPlatforms) = postSolution
		{D212BE27-3C7C-4684-84B3-FEF952A7A47A}.Debug|Any CPU.ActiveCfg = Debug|Any CPU
		{D212BE27-3C7C-4684-84B3-FEF952A7A47A}.Debug|Any CPU.Build.0 = Debug|Any CPU
		{D212BE27-3C7C-4684-84B3-FEF952A7A47A}.Release|Any CPU.ActiveCfg = Release|Any CPU
		{D212BE27-3C7C-4684-84B3-FEF952A7A47A}.Release|Any CPU.Build.0 = Release|Any CPU
	EndGlobalSection
	GlobalSection(SolutionProperties) = preSolution
		HideSolutionNode = FALSE
	EndGlobalSection
	GlobalSection(ExtensibilityGlobals) = postSolution
		SolutionGuid = {4F1A403F-4C17-4AC8-91D9-EF477A7637F1}
	EndGlobalSection
EndGlobal
